
Microsoft Visual Studio Solution File, Format Version 12.00
# Visual Studio Version 17
VisualStudioVersion = 17.8.34525.116
MinimumVisualStudioVersion = 10.0.40219.1
Project("{2150E333-8FDC-42A3-9474-1A3956D46DE8}") = "src", "src", "{3000E358-E819-4B88-9F79-35369F490DF8}"
EndProject
Project("{9A19103F-16F7-4668-BE54-9A1E7A4F7556}") = "Singleton", "src\Creational\Singleton\Singleton.csproj", "{E847096E-E885-4471-90BB-602A41323C10}"
EndProject
Project("{9A19103F-16F7-4668-BE54-9A1E7A4F7556}") = "AbstractFactory", "src\Creational\AbstractFactory\AbstractFactory.csproj", "{BCB14EB6-94CC-4AE4-99FD-D8E6A6EE25D1}"
EndProject
Project("{9A19103F-16F7-4668-BE54-9A1E7A4F7556}") = "FactoryMethod", "src\Creational\FactoryMethod\FactoryMethod.csproj", "{66FE852F-9677-41E3-A789-40FAC815907E}"
EndProject
Project("{9A19103F-16F7-4668-BE54-9A1E7A4F7556}") = "Prototype", "src\Creational\Prototype\Prototype.csproj", "{3CC27507-2101-4165-8B6C-71597C000EF2}"
EndProject
Project("{9A19103F-16F7-4668-BE54-9A1E7A4F7556}") = "Builder", "src\Creational\Builder\Builder.csproj", "{8AADADC8-D491-483A-BCB1-F778E287FA0C}"
EndProject
Project("{2150E333-8FDC-42A3-9474-1A3956D46DE8}") = "Creational", "Creational", "{49F6877B-D6E5-4B98-8F6E-A2CD817009D6}"
EndProject
Project("{2150E333-8FDC-42A3-9474-1A3956D46DE8}") = "Structural", "Structural", "{278E0557-E23F-4F11-BA6D-F802574B7301}"
EndProject
Project("{2150E333-8FDC-42A3-9474-1A3956D46DE8}") = "Behavioral", "Behavioral", "{1CC11338-C6F4-4252-9F5F-445EA536EC41}"
EndProject
Project("{9A19103F-16F7-4668-BE54-9A1E7A4F7556}") = "Adapter", "src\Structural\Adapter\Adapter.csproj", "{5BB62AD6-AF6C-46EB-83FF-BC30B80677ED}"
EndProject
Project("{9A19103F-16F7-4668-BE54-9A1E7A4F7556}") = "Bridge", "src\Structural\Bridge\Bridge.csproj", "{723B1718-3D02-4CBD-AE41-3CD6BAE91E31}"
EndProject
Project("{9A19103F-16F7-4668-BE54-9A1E7A4F7556}") = "Composite", "src\Structural\Composite\Composite.csproj", "{AEBC225B-8350-4766-B261-07A71E31BEDE}"
EndProject
Project("{9A19103F-16F7-4668-BE54-9A1E7A4F7556}") = "Decorator", "src\Structural\Decorator\Decorator.csproj", "{3EE673CB-AA5D-42C9-89AC-64D014E56CBE}"
EndProject
Project("{9A19103F-16F7-4668-BE54-9A1E7A4F7556}") = "Facade", "src\Structural\Facade\Facade.csproj", "{64518785-AB59-4B86-B1ED-3FD18656A3E8}"
EndProject
Project("{9A19103F-16F7-4668-BE54-9A1E7A4F7556}") = "Flyweight", "src\Structural\Flyweight\Flyweight.csproj", "{56302E4D-57F5-40DC-9E84-8E2DC0D203B7}"
EndProject
Project("{9A19103F-16F7-4668-BE54-9A1E7A4F7556}") = "Proxy", "src\Structural\Proxy\Proxy.csproj", "{BE68128D-D707-4000-BEE8-1C5FE9FD3109}"
EndProject
Project("{FAE04EC0-301F-11D3-BF4B-00C04F79EFBC}") = "ChainOfResponsibility", "src\Behavioral\ChainOfResponsibility\ChainOfResponsibility.csproj", "{C4160213-C8D8-4A51-BE02-463F04591C30}"
EndProject
Global
	GlobalSection(SolutionConfigurationPlatforms) = preSolution
		Debug|Any CPU = Debug|Any CPU
		Release|Any CPU = Release|Any CPU
	EndGlobalSection
	GlobalSection(ProjectConfigurationPlatforms) = postSolution
		{E847096E-E885-4471-90BB-602A41323C10}.Debug|Any CPU.ActiveCfg = Debug|Any CPU
		{E847096E-E885-4471-90BB-602A41323C10}.Debug|Any CPU.Build.0 = Debug|Any CPU
		{E847096E-E885-4471-90BB-602A41323C10}.Release|Any CPU.ActiveCfg = Release|Any CPU
		{E847096E-E885-4471-90BB-602A41323C10}.Release|Any CPU.Build.0 = Release|Any CPU
		{BCB14EB6-94CC-4AE4-99FD-D8E6A6EE25D1}.Debug|Any CPU.ActiveCfg = Debug|Any CPU
		{BCB14EB6-94CC-4AE4-99FD-D8E6A6EE25D1}.Debug|Any CPU.Build.0 = Debug|Any CPU
		{BCB14EB6-94CC-4AE4-99FD-D8E6A6EE25D1}.Release|Any CPU.ActiveCfg = Release|Any CPU
		{BCB14EB6-94CC-4AE4-99FD-D8E6A6EE25D1}.Release|Any CPU.Build.0 = Release|Any CPU
		{66FE852F-9677-41E3-A789-40FAC815907E}.Debug|Any CPU.ActiveCfg = Debug|Any CPU
		{66FE852F-9677-41E3-A789-40FAC815907E}.Debug|Any CPU.Build.0 = Debug|Any CPU
		{66FE852F-9677-41E3-A789-40FAC815907E}.Release|Any CPU.ActiveCfg = Release|Any CPU
		{66FE852F-9677-41E3-A789-40FAC815907E}.Release|Any CPU.Build.0 = Release|Any CPU
		{3CC27507-2101-4165-8B6C-71597C000EF2}.Debug|Any CPU.ActiveCfg = Debug|Any CPU
		{3CC27507-2101-4165-8B6C-71597C000EF2}.Debug|Any CPU.Build.0 = Debug|Any CPU
		{3CC27507-2101-4165-8B6C-71597C000EF2}.Release|Any CPU.ActiveCfg = Release|Any CPU
		{3CC27507-2101-4165-8B6C-71597C000EF2}.Release|Any CPU.Build.0 = Release|Any CPU
		{8AADADC8-D491-483A-BCB1-F778E287FA0C}.Debug|Any CPU.ActiveCfg = Debug|Any CPU
		{8AADADC8-D491-483A-BCB1-F778E287FA0C}.Debug|Any CPU.Build.0 = Debug|Any CPU
		{8AADADC8-D491-483A-BCB1-F778E287FA0C}.Release|Any CPU.ActiveCfg = Release|Any CPU
		{8AADADC8-D491-483A-BCB1-F778E287FA0C}.Release|Any CPU.Build.0 = Release|Any CPU
		{5BB62AD6-AF6C-46EB-83FF-BC30B80677ED}.Debug|Any CPU.ActiveCfg = Debug|Any CPU
		{5BB62AD6-AF6C-46EB-83FF-BC30B80677ED}.Debug|Any CPU.Build.0 = Debug|Any CPU
		{5BB62AD6-AF6C-46EB-83FF-BC30B80677ED}.Release|Any CPU.ActiveCfg = Release|Any CPU
		{5BB62AD6-AF6C-46EB-83FF-BC30B80677ED}.Release|Any CPU.Build.0 = Release|Any CPU
		{723B1718-3D02-4CBD-AE41-3CD6BAE91E31}.Debug|Any CPU.ActiveCfg = Debug|Any CPU
		{723B1718-3D02-4CBD-AE41-3CD6BAE91E31}.Debug|Any CPU.Build.0 = Debug|Any CPU
		{723B1718-3D02-4CBD-AE41-3CD6BAE91E31}.Release|Any CPU.ActiveCfg = Release|Any CPU
		{723B1718-3D02-4CBD-AE41-3CD6BAE91E31}.Release|Any CPU.Build.0 = Release|Any CPU
		{AEBC225B-8350-4766-B261-07A71E31BEDE}.Debug|Any CPU.ActiveCfg = Debug|Any CPU
		{AEBC225B-8350-4766-B261-07A71E31BEDE}.Debug|Any CPU.Build.0 = Debug|Any CPU
		{AEBC225B-8350-4766-B261-07A71E31BEDE}.Release|Any CPU.ActiveCfg = Release|Any CPU
		{AEBC225B-8350-4766-B261-07A71E31BEDE}.Release|Any CPU.Build.0 = Release|Any CPU
		{3EE673CB-AA5D-42C9-89AC-64D014E56CBE}.Debug|Any CPU.ActiveCfg = Debug|Any CPU
		{3EE673CB-AA5D-42C9-89AC-64D014E56CBE}.Debug|Any CPU.Build.0 = Debug|Any CPU
		{3EE673CB-AA5D-42C9-89AC-64D014E56CBE}.Release|Any CPU.ActiveCfg = Release|Any CPU
		{3EE673CB-AA5D-42C9-89AC-64D014E56CBE}.Release|Any CPU.Build.0 = Release|Any CPU
		{64518785-AB59-4B86-B1ED-3FD18656A3E8}.Debug|Any CPU.ActiveCfg = Debug|Any CPU
		{64518785-AB59-4B86-B1ED-3FD18656A3E8}.Debug|Any CPU.Build.0 = Debug|Any CPU
		{64518785-AB59-4B86-B1ED-3FD18656A3E8}.Release|Any CPU.ActiveCfg = Release|Any CPU
		{64518785-AB59-4B86-B1ED-3FD18656A3E8}.Release|Any CPU.Build.0 = Release|Any CPU
		{56302E4D-57F5-40DC-9E84-8E2DC0D203B7}.Debug|Any CPU.ActiveCfg = Debug|Any CPU
		{56302E4D-57F5-40DC-9E84-8E2DC0D203B7}.Debug|Any CPU.Build.0 = Debug|Any CPU
		{56302E4D-57F5-40DC-9E84-8E2DC0D203B7}.Release|Any CPU.ActiveCfg = Release|Any CPU
		{56302E4D-57F5-40DC-9E84-8E2DC0D203B7}.Release|Any CPU.Build.0 = Release|Any CPU
		{BE68128D-D707-4000-BEE8-1C5FE9FD3109}.Debug|Any CPU.ActiveCfg = Debug|Any CPU
		{BE68128D-D707-4000-BEE8-1C5FE9FD3109}.Debug|Any CPU.Build.0 = Debug|Any CPU
		{BE68128D-D707-4000-BEE8-1C5FE9FD3109}.Release|Any CPU.ActiveCfg = Release|Any CPU
		{BE68128D-D707-4000-BEE8-1C5FE9FD3109}.Release|Any CPU.Build.0 = Release|Any CPU
		{C4160213-C8D8-4A51-BE02-463F04591C30}.Debug|Any CPU.ActiveCfg = Debug|Any CPU
		{C4160213-C8D8-4A51-BE02-463F04591C30}.Debug|Any CPU.Build.0 = Debug|Any CPU
		{C4160213-C8D8-4A51-BE02-463F04591C30}.Release|Any CPU.ActiveCfg = Release|Any CPU
		{C4160213-C8D8-4A51-BE02-463F04591C30}.Release|Any CPU.Build.0 = Release|Any CPU
	EndGlobalSection
	GlobalSection(SolutionProperties) = preSolution
		HideSolutionNode = FALSE
	EndGlobalSection
	GlobalSection(NestedProjects) = preSolution
		{E847096E-E885-4471-90BB-602A41323C10} = {49F6877B-D6E5-4B98-8F6E-A2CD817009D6}
		{BCB14EB6-94CC-4AE4-99FD-D8E6A6EE25D1} = {49F6877B-D6E5-4B98-8F6E-A2CD817009D6}
		{66FE852F-9677-41E3-A789-40FAC815907E} = {49F6877B-D6E5-4B98-8F6E-A2CD817009D6}
		{3CC27507-2101-4165-8B6C-71597C000EF2} = {49F6877B-D6E5-4B98-8F6E-A2CD817009D6}
		{8AADADC8-D491-483A-BCB1-F778E287FA0C} = {49F6877B-D6E5-4B98-8F6E-A2CD817009D6}
		{49F6877B-D6E5-4B98-8F6E-A2CD817009D6} = {3000E358-E819-4B88-9F79-35369F490DF8}
		{278E0557-E23F-4F11-BA6D-F802574B7301} = {3000E358-E819-4B88-9F79-35369F490DF8}
		{1CC11338-C6F4-4252-9F5F-445EA536EC41} = {3000E358-E819-4B88-9F79-35369F490DF8}
		{5BB62AD6-AF6C-46EB-83FF-BC30B80677ED} = {278E0557-E23F-4F11-BA6D-F802574B7301}
		{723B1718-3D02-4CBD-AE41-3CD6BAE91E31} = {278E0557-E23F-4F11-BA6D-F802574B7301}
		{AEBC225B-8350-4766-B261-07A71E31BEDE} = {278E0557-E23F-4F11-BA6D-F802574B7301}
		{3EE673CB-AA5D-42C9-89AC-64D014E56CBE} = {278E0557-E23F-4F11-BA6D-F802574B7301}
		{64518785-AB59-4B86-B1ED-3FD18656A3E8} = {278E0557-E23F-4F11-BA6D-F802574B7301}
		{56302E4D-57F5-40DC-9E84-8E2DC0D203B7} = {278E0557-E23F-4F11-BA6D-F802574B7301}
		{BE68128D-D707-4000-BEE8-1C5FE9FD3109} = {278E0557-E23F-4F11-BA6D-F802574B7301}
		{C4160213-C8D8-4A51-BE02-463F04591C30} = {1CC11338-C6F4-4252-9F5F-445EA536EC41}
	EndGlobalSection
	GlobalSection(ExtensibilityGlobals) = postSolution
		SolutionGuid = {1E4242F2-2117-4892-9754-E76AF1E58041}
	EndGlobalSection
EndGlobal
